
Microsoft Visual Studio Solution File, Format Version 12.00
# Visual Studio 15
VisualStudioVersion = 15.0.28010.2046
MinimumVisualStudioVersion = 10.0.40219.1
Project("{8BC9CEB8-8B4A-11D0-8D11-00A0C91BC942}") = "pyOlcBindings", "pyOlcBindings\pyOlcBindings.vcxproj", "{BDCB4901-C57A-4C2B-91AA-185844F3F04B}"
EndProject
Project("{888888A0-9F3D-457C-B088-3A5042F75D52}") = "olc", "..\olc\olc.pyproj", "{227F504C-2768-4F7A-BA81-4CF647620C78}"
EndProject
Global
	GlobalSection(SolutionConfigurationPlatforms) = preSolution
		Debug|Any CPU = Debug|Any CPU
		Debug|x64 = Debug|x64
		Debug|x86 = Debug|x86
		Release|Any CPU = Release|Any CPU
		Release|x64 = Release|x64
		Release|x86 = Release|x86
	EndGlobalSection
	GlobalSection(ProjectConfigurationPlatforms) = postSolution
		{BDCB4901-C57A-4C2B-91AA-185844F3F04B}.Debug|Any CPU.ActiveCfg = Debug|Win32
		{BDCB4901-C57A-4C2B-91AA-185844F3F04B}.Debug|x64.ActiveCfg = Debug|x64
		{BDCB4901-C57A-4C2B-91AA-185844F3F04B}.Debug|x64.Build.0 = Debug|x64
		{BDCB4901-C57A-4C2B-91AA-185844F3F04B}.Debug|x86.ActiveCfg = Debug|Win32
		{BDCB4901-C57A-4C2B-91AA-185844F3F04B}.Debug|x86.Build.0 = Debug|Win32
		{BDCB4901-C57A-4C2B-91AA-185844F3F04B}.Release|Any CPU.ActiveCfg = Release|Win32
		{BDCB4901-C57A-4C2B-91AA-185844F3F04B}.Release|x64.ActiveCfg = Release|x64
		{BDCB4901-C57A-4C2B-91AA-185844F3F04B}.Release|x64.Build.0 = Release|x64
		{BDCB4901-C57A-4C2B-91AA-185844F3F04B}.Release|x86.ActiveCfg = Release|Win32
		{BDCB4901-C57A-4C2B-91AA-185844F3F04B}.Release|x86.Build.0 = Release|Win32
		{227F504C-2768-4F7A-BA81-4CF647620C78}.Debug|Any CPU.ActiveCfg = Debug|Any CPU
		{227F504C-2768-4F7A-BA81-4CF647620C78}.Debug|x64.ActiveCfg = Debug|Any CPU
		{227F504C-2768-4F7A-BA81-4CF647620C78}.Debug|x86.ActiveCfg = Debug|Any CPU
		{227F504C-2768-4F7A-BA81-4CF647620C78}.Release|Any CPU.ActiveCfg = Release|Any CPU
		{227F504C-2768-4F7A-BA81-4CF647620C78}.Release|x64.ActiveCfg = Release|Any CPU
		{227F504C-2768-4F7A-BA81-4CF647620C78}.Release|x86.ActiveCfg = Release|Any CPU
	EndGlobalSection
	GlobalSection(SolutionProperties) = preSolution
		HideSolutionNode = FALSE
	EndGlobalSection
	GlobalSection(ExtensibilityGlobals) = postSolution
		SolutionGuid = {D1E8D09B-54AC-4E13-8413-6E09D3358B00}
	EndGlobalSection
EndGlobal
